
Microsoft Visual Studio Solution File, Format Version 12.00
# Visual Studio Version 16
VisualStudioVersion = 16.0.31129.286
MinimumVisualStudioVersion = 10.0.40219.1
Project("{9A19103F-16F7-4668-BE54-9A1E7A4F7556}") = "Web Service", "Web Service\Web Service.csproj", "{4F9F2AA9-F15F-493F-ADB5-49F6B3216661}"
EndProject
Project("{FAE04EC0-301F-11D3-BF4B-00C04F79EFBC}") = "Client_WPF", "Client_WPF\Client_WPF.csproj", "{1E8FB2A8-16A3-41AD-8309-D2C66E37D59C}"
EndProject
Global
	GlobalSection(SolutionConfigurationPlatforms) = preSolution
		Debug|Any CPU = Debug|Any CPU
		Release|Any CPU = Release|Any CPU
	EndGlobalSection
	GlobalSection(ProjectConfigurationPlatforms) = postSolution
		{4F9F2AA9-F15F-493F-ADB5-49F6B3216661}.Debug|Any CPU.ActiveCfg = Debug|Any CPU
		{4F9F2AA9-F15F-493F-ADB5-49F6B3216661}.Debug|Any CPU.Build.0 = Debug|Any CPU
		{4F9F2AA9-F15F-493F-ADB5-49F6B3216661}.Release|Any CPU.ActiveCfg = Release|Any CPU
		{4F9F2AA9-F15F-493F-ADB5-49F6B3216661}.Release|Any CPU.Build.0 = Release|Any CPU
		{1E8FB2A8-16A3-41AD-8309-D2C66E37D59C}.Debug|Any CPU.ActiveCfg = Debug|Any CPU
		{1E8FB2A8-16A3-41AD-8309-D2C66E37D59C}.Debug|Any CPU.Build.0 = Debug|Any CPU
		{1E8FB2A8-16A3-41AD-8309-D2C66E37D59C}.Release|Any CPU.ActiveCfg = Release|Any CPU
		{1E8FB2A8-16A3-41AD-8309-D2C66E37D59C}.Release|Any CPU.Build.0 = Release|Any CPU
	EndGlobalSection
	GlobalSection(SolutionProperties) = preSolution
		HideSolutionNode = FALSE
	EndGlobalSection
	GlobalSection(ExtensibilityGlobals) = postSolution
		SolutionGuid = {D683FBA6-546D-409E-B002-6792E7C5B98D}
	EndGlobalSection
EndGlobal
